// !$*UTF8*$!
{
	archiveVersion = 1;
	classes = {
	};
	objectVersion = 46;
	objects = {

/* Begin PBXBuildFile section */
		A953547F1D9C24C4007CC295 /* ReactionsVC.swift in Sources */ = {isa = PBXBuildFile; fileRef = A953547E1D9C24C4007CC295 /* ReactionsVC.swift */; };
		A95354811D9C2652007CC295 /* Types.swift in Sources */ = {isa = PBXBuildFile; fileRef = A95354801D9C2652007CC295 /* Types.swift */; };
		A95354841D9C2906007CC295 /* StatefulCollectionViewDataSource.swift in Sources */ = {isa = PBXBuildFile; fileRef = A95354831D9C2906007CC295 /* StatefulCollectionViewDataSource.swift */; };
		A9556F3A1D9ACF6D00534A18 /* AppDelegate.swift in Sources */ = {isa = PBXBuildFile; fileRef = A9556F391D9ACF6D00534A18 /* AppDelegate.swift */; };
		A9556F411D9ACF6D00534A18 /* Assets.xcassets in Resources */ = {isa = PBXBuildFile; fileRef = A9556F401D9ACF6D00534A18 /* Assets.xcassets */; };
		A9556F441D9ACF6D00534A18 /* LaunchScreen.storyboard in Resources */ = {isa = PBXBuildFile; fileRef = A9556F421D9ACF6D00534A18 /* LaunchScreen.storyboard */; };
		A9556F501D9ACFB700534A18 /* PantiesFetcher.swift in Sources */ = {isa = PBXBuildFile; fileRef = A9556F4C1D9ACFB700534A18 /* PantiesFetcher.swift */; };
		A9556F511D9ACFB700534A18 /* Pantie.swift in Sources */ = {isa = PBXBuildFile; fileRef = A9556F4D1D9ACFB700534A18 /* Pantie.swift */; };
		A9556F531D9ACFB700534A18 /* ProductVC.swift in Sources */ = {isa = PBXBuildFile; fileRef = A9556F4F1D9ACFB700534A18 /* ProductVC.swift */; };
		A9556F551D9ADD0800534A18 /* PantiesInteractor.swift in Sources */ = {isa = PBXBuildFile; fileRef = A9556F541D9ADD0800534A18 /* PantiesInteractor.swift */; };
/* End PBXBuildFile section */

/* Begin PBXFileReference section */
		A953547E1D9C24C4007CC295 /* ReactionsVC.swift */ = {isa = PBXFileReference; fileEncoding = 4; lastKnownFileType = sourcecode.swift; path = ReactionsVC.swift; sourceTree = "<group>"; };
		A95354801D9C2652007CC295 /* Types.swift */ = {isa = PBXFileReference; fileEncoding = 4; lastKnownFileType = sourcecode.swift; path = Types.swift; sourceTree = "<group>"; };
		A95354831D9C2906007CC295 /* StatefulCollectionViewDataSource.swift */ = {isa = PBXFileReference; fileEncoding = 4; lastKnownFileType = sourcecode.swift; path = StatefulCollectionViewDataSource.swift; sourceTree = "<group>"; };
		A9556F361D9ACF6D00534A18 /* StatefulDataSource.app */ = {isa = PBXFileReference; explicitFileType = wrapper.application; includeInIndex = 0; path = StatefulDataSource.app; sourceTree = BUILT_PRODUCTS_DIR; };
		A9556F391D9ACF6D00534A18 /* AppDelegate.swift */ = {isa = PBXFileReference; lastKnownFileType = sourcecode.swift; path = AppDelegate.swift; sourceTree = "<group>"; };
		A9556F401D9ACF6D00534A18 /* Assets.xcassets */ = {isa = PBXFileReference; lastKnownFileType = folder.assetcatalog; path = Assets.xcassets; sourceTree = "<group>"; };
		A9556F431D9ACF6D00534A18 /* Base */ = {isa = PBXFileReference; lastKnownFileType = file.storyboard; name = Base; path = Base.lproj/LaunchScreen.storyboard; sourceTree = "<group>"; };
		A9556F451D9ACF6D00534A18 /* Info.plist */ = {isa = PBXFileReference; lastKnownFileType = text.plist.xml; path = Info.plist; sourceTree = "<group>"; };
		A9556F4C1D9ACFB700534A18 /* PantiesFetcher.swift */ = {isa = PBXFileReference; fileEncoding = 4; lastKnownFileType = sourcecode.swift; path = PantiesFetcher.swift; sourceTree = "<group>"; };
		A9556F4D1D9ACFB700534A18 /* Pantie.swift */ = {isa = PBXFileReference; fileEncoding = 4; lastKnownFileType = sourcecode.swift; path = Pantie.swift; sourceTree = "<group>"; };
		A9556F4F1D9ACFB700534A18 /* ProductVC.swift */ = {isa = PBXFileReference; fileEncoding = 4; lastKnownFileType = sourcecode.swift; path = ProductVC.swift; sourceTree = "<group>"; };
		A9556F541D9ADD0800534A18 /* PantiesInteractor.swift */ = {isa = PBXFileReference; fileEncoding = 4; lastKnownFileType = sourcecode.swift; name = PantiesInteractor.swift; path = API/PantiesInteractor.swift; sourceTree = "<group>"; };
/* End PBXFileReference section */

/* Begin PBXFrameworksBuildPhase section */
		A9556F331D9ACF6D00534A18 /* Frameworks */ = {
			isa = PBXFrameworksBuildPhase;
			buildActionMask = 2147483647;
			files = (
			);
			runOnlyForDeploymentPostprocessing = 0;
		};
/* End PBXFrameworksBuildPhase section */

/* Begin PBXGroup section */
		A953547C1D9C1B1B007CC295 /* Models */ = {
			isa = PBXGroup;
			children = (
				A9556F4D1D9ACFB700534A18 /* Pantie.swift */,
			);
			name = Models;
			sourceTree = "<group>";
		};
		A953547D1D9C1D59007CC295 /* Interactor */ = {
			isa = PBXGroup;
			children = (
				A9556F541D9ADD0800534A18 /* PantiesInteractor.swift */,
			);
			name = Interactor;
			sourceTree = "<group>";
		};
		A95354821D9C2656007CC295 /* Types */ = {
			isa = PBXGroup;
			children = (
				A95354801D9C2652007CC295 /* Types.swift */,
			);
			name = Types;
			sourceTree = "<group>";
		};
		A9556F2D1D9ACF6D00534A18 = {
			isa = PBXGroup;
			children = (
				A9556F381D9ACF6D00534A18 /* StatefulDataSource */,
				A9556F371D9ACF6D00534A18 /* Products */,
			);
			sourceTree = "<group>";
		};
		A9556F371D9ACF6D00534A18 /* Products */ = {
			isa = PBXGroup;
			children = (
				A9556F361D9ACF6D00534A18 /* StatefulDataSource.app */,
			);
			name = Products;
			sourceTree = "<group>";
		};
		A9556F381D9ACF6D00534A18 /* StatefulDataSource */ = {
			isa = PBXGroup;
			children = (
				A9556F391D9ACF6D00534A18 /* AppDelegate.swift */,
				A9556F401D9ACF6D00534A18 /* Assets.xcassets */,
				A9556F421D9ACF6D00534A18 /* LaunchScreen.storyboard */,
				A9556F451D9ACF6D00534A18 /* Info.plist */,
				A95354821D9C2656007CC295 /* Types */,
				A953547D1D9C1D59007CC295 /* Interactor */,
				A9556F4B1D9ACFB700534A18 /* API */,
				A953547C1D9C1B1B007CC295 /* Models */,
				A9556F4F1D9ACFB700534A18 /* ProductVC.swift */,
				A953547E1D9C24C4007CC295 /* ReactionsVC.swift */,
				A95354831D9C2906007CC295 /* StatefulCollectionViewDataSource.swift */,
			);
			path = StatefulDataSource;
			sourceTree = "<group>";
		};
		A9556F4B1D9ACFB700534A18 /* API */ = {
			isa = PBXGroup;
			children = (
				A9556F4C1D9ACFB700534A18 /* PantiesFetcher.swift */,
			);
			path = API;
			sourceTree = "<group>";
		};
/* End PBXGroup section */

/* Begin PBXNativeTarget section */
		A9556F351D9ACF6D00534A18 /* StatefulDataSource */ = {
			isa = PBXNativeTarget;
			buildConfigurationList = A9556F481D9ACF6D00534A18 /* Build configuration list for PBXNativeTarget "StatefulDataSource" */;
			buildPhases = (
				A9556F321D9ACF6D00534A18 /* Sources */,
				A9556F331D9ACF6D00534A18 /* Frameworks */,
				A9556F341D9ACF6D00534A18 /* Resources */,
			);
			buildRules = (
			);
			dependencies = (
			);
			name = StatefulDataSource;
			productName = StatefulDataSource;
			productReference = A9556F361D9ACF6D00534A18 /* StatefulDataSource.app */;
			productType = "com.apple.product-type.application";
		};
/* End PBXNativeTarget section */

/* Begin PBXProject section */
		A9556F2E1D9ACF6D00534A18 /* Project object */ = {
			isa = PBXProject;
			attributes = {
				LastSwiftUpdateCheck = 0730;
				LastUpgradeCheck = 0730;
				ORGANIZATIONNAME = SeenJobs;
				TargetAttributes = {
					A9556F351D9ACF6D00534A18 = {
						CreatedOnToolsVersion = 7.3.1;
					};
				};
			};
			buildConfigurationList = A9556F311D9ACF6D00534A18 /* Build configuration list for PBXProject "StatefulDataSource" */;
			compatibilityVersion = "Xcode 3.2";
			developmentRegion = English;
			hasScannedForEncodings = 0;
			knownRegions = (
				en,
				Base,
			);
			mainGroup = A9556F2D1D9ACF6D00534A18;
			productRefGroup = A9556F371D9ACF6D00534A18 /* Products */;
			projectDirPath = "";
			projectRoot = "";
			targets = (
				A9556F351D9ACF6D00534A18 /* StatefulDataSource */,
			);
		};
/* End PBXProject section */

/* Begin PBXResourcesBuildPhase section */
		A9556F341D9ACF6D00534A18 /* Resources */ = {
			isa = PBXResourcesBuildPhase;
			buildActionMask = 2147483647;
			files = (
				A9556F441D9ACF6D00534A18 /* LaunchScreen.storyboard in Resources */,
				A9556F411D9ACF6D00534A18 /* Assets.xcassets in Resources */,
			);
			runOnlyForDeploymentPostprocessing = 0;
		};
/* End PBXResourcesBuildPhase section */

/* Begin PBXSourcesBuildPhase section */
		A9556F321D9ACF6D00534A18 /* Sources */ = {
			isa = PBXSourcesBuildPhase;
			buildActionMask = 2147483647;
			files = (
				A9556F511D9ACFB700534A18 /* Pantie.swift in Sources */,
				A95354811D9C2652007CC295 /* Types.swift in Sources */,
				A953547F1D9C24C4007CC295 /* ReactionsVC.swift in Sources */,
				A95354841D9C2906007CC295 /* StatefulCollectionViewDataSource.swift in Sources */,
				A9556F531D9ACFB700534A18 /* ProductVC.swift in Sources */,
				A9556F501D9ACFB700534A18 /* PantiesFetcher.swift in Sources */,
				A9556F3A1D9ACF6D00534A18 /* AppDelegate.swift in Sources */,
				A9556F551D9ADD0800534A18 /* PantiesInteractor.swift in Sources */,
			);
			runOnlyForDeploymentPostprocessing = 0;
		};
/* End PBXSourcesBuildPhase section */

/* Begin PBXVariantGroup section */
		A9556F421D9ACF6D00534A18 /* LaunchScreen.storyboard */ = {
			isa = PBXVariantGroup;
			children = (
				A9556F431D9ACF6D00534A18 /* Base */,
			);
			name = LaunchScreen.storyboard;
			sourceTree = "<group>";
		};
/* End PBXVariantGroup section */

/* Begin XCBuildConfiguration section */
		A9556F461D9ACF6D00534A18 /* Debug */ = {
			isa = XCBuildConfiguration;
			buildSettings = {
				ALWAYS_SEARCH_USER_PATHS = NO;
				CLANG_ANALYZER_NONNULL = YES;
				CLANG_CXX_LANGUAGE_STANDARD = "gnu++0x";
				CLANG_CXX_LIBRARY = "libc++";
				CLANG_ENABLE_MODULES = YES;
				CLANG_ENABLE_OBJC_ARC = YES;
				CLANG_WARN_BOOL_CONVERSION = YES;
				CLANG_WARN_CONSTANT_CONVERSION = YES;
				CLANG_WARN_DIRECT_OBJC_ISA_USAGE = YES_ERROR;
				CLANG_WARN_EMPTY_BODY = YES;
				CLANG_WARN_ENUM_CONVERSION = YES;
				CLANG_WARN_INT_CONVERSION = YES;
				CLANG_WARN_OBJC_ROOT_CLASS = YES_ERROR;
				CLANG_WARN_UNREACHABLE_CODE = YES;
				CLANG_WARN__DUPLICATE_METHOD_MATCH = YES;
				"CODE_SIGN_IDENTITY[sdk=iphoneos*]" = "iPhone Developer";
				COPY_PHASE_STRIP = NO;
				DEBUG_INFORMATION_FORMAT = dwarf;
				ENABLE_STRICT_OBJC_MSGSEND = YES;
				ENABLE_TESTABILITY = YES;
				GCC_C_LANGUAGE_STANDARD = gnu99;
				GCC_DYNAMIC_NO_PIC = NO;
				GCC_NO_COMMON_BLOCKS = YES;
				GCC_OPTIMIZATION_LEVEL = 0;
				GCC_PREPROCESSOR_DEFINITIONS = (
					"DEBUG=1",
					"$(inherited)",
				);
				GCC_WARN_64_TO_32_BIT_CONVERSION = YES;
				GCC_WARN_ABOUT_RETURN_TYPE = YES_ERROR;
				GCC_WARN_UNDECLARED_SELECTOR = YES;
				GCC_WARN_UNINITIALIZED_AUTOS = YES_AGGRESSIVE;
				GCC_WARN_UNUSED_FUNCTION = YES;
				GCC_WARN_UNUSED_VARIABLE = YES;
				IPHONEOS_DEPLOYMENT_TARGET = 9.3;
				MTL_ENABLE_DEBUG_INFO = YES;
				ONLY_ACTIVE_ARCH = YES;
				SDKROOT = iphoneos;
				SWIFT_OPTIMIZATION_LEVEL = "-Onone";
			};
			name = Debug;
		};
		A9556F471D9ACF6D00534A18 /* Release */ = {
			isa = XCBuildConfiguration;
			buildSettings = {
				ALWAYS_SEARCH_USER_PATHS = NO;
				CLANG_ANALYZER_NONNULL = YES;
				CLANG_CXX_LANGUAGE_STANDARD = "gnu++0x";
				CLANG_CXX_LIBRARY = "libc++";
				CLANG_ENABLE_MODULES = YES;
				CLANG_ENABLE_OBJC_ARC = YES;
				CLANG_WARN_BOOL_CONVERSION = YES;
				CLANG_WARN_CONSTANT_CONVERSION = YES;
				CLANG_WARN_DIRECT_OBJC_ISA_USAGE = YES_ERROR;
				CLANG_WARN_EMPTY_BODY = YES;
				CLANG_WARN_ENUM_CONVERSION = YES;
				CLANG_WARN_INT_CONVERSION = YES;
				CLANG_WARN_OBJC_ROOT_CLASS = YES_ERROR;
				CLANG_WARN_UNREACHABLE_CODE = YES;
				CLANG_WARN__DUPLICATE_METHOD_MATCH = YES;
				"CODE_SIGN_IDENTITY[sdk=iphoneos*]" = "iPhone Developer";
				COPY_PHASE_STRIP = NO;
				DEBUG_INFORMATION_FORMAT = "dwarf-with-dsym";
				ENABLE_NS_ASSERTIONS = NO;
				ENABLE_STRICT_OBJC_MSGSEND = YES;
				GCC_C_LANGUAGE_STANDARD = gnu99;
				GCC_NO_COMMON_BLOCKS = YES;
				GCC_WARN_64_TO_32_BIT_CONVERSION = YES;
				GCC_WARN_ABOUT_RETURN_TYPE = YES_ERROR;
				GCC_WARN_UNDECLARED_SELECTOR = YES;
				GCC_WARN_UNINITIALIZED_AUTOS = YES_AGGRESSIVE;
				GCC_WARN_UNUSED_FUNCTION = YES;
				GCC_WARN_UNUSED_VARIABLE = YES;
				IPHONEOS_DEPLOYMENT_TARGET = 9.3;
				MTL_ENABLE_DEBUG_INFO = NO;
				SDKROOT = iphoneos;
				VALIDATE_PRODUCT = YES;
			};
			name = Release;
		};
		A9556F491D9ACF6D00534A18 /* Debug */ = {
			isa = XCBuildConfiguration;
			buildSettings = {
				ASSETCATALOG_COMPILER_APPICON_NAME = AppIcon;
				INFOPLIST_FILE = StatefulDataSource/Info.plist;
				LD_RUNPATH_SEARCH_PATHS = "$(inherited) @executable_path/Frameworks";
				PRODUCT_BUNDLE_IDENTIFIER = com.seenjobs.StatefulDataSource;
				PRODUCT_NAME = "$(TARGET_NAME)";
			};
			name = Debug;
		};
		A9556F4A1D9ACF6D00534A18 /* Release */ = {
			isa = XCBuildConfiguration;
			buildSettings = {
				ASSETCATALOG_COMPILER_APPICON_NAME = AppIcon;
				INFOPLIST_FILE = StatefulDataSource/Info.plist;
				LD_RUNPATH_SEARCH_PATHS = "$(inherited) @executable_path/Frameworks";
				PRODUCT_BUNDLE_IDENTIFIER = com.seenjobs.StatefulDataSource;
				PRODUCT_NAME = "$(TARGET_NAME)";
			};
			name = Release;
		};
/* End XCBuildConfiguration section */

/* Begin XCConfigurationList section */
		A9556F311D9ACF6D00534A18 /* Build configuration list for PBXProject "StatefulDataSource" */ = {
			isa = XCConfigurationList;
			buildConfigurations = (
				A9556F461D9ACF6D00534A18 /* Debug */,
				A9556F471D9ACF6D00534A18 /* Release */,
			);
			defaultConfigurationIsVisible = 0;
			defaultConfigurationName = Release;
		};
		A9556F481D9ACF6D00534A18 /* Build configuration list for PBXNativeTarget "StatefulDataSource" */ = {
			isa = XCConfigurationList;
			buildConfigurations = (
				A9556F491D9ACF6D00534A18 /* Debug */,
				A9556F4A1D9ACF6D00534A18 /* Release */,
			);
			defaultConfigurationIsVisible = 0;
			defaultConfigurationName = Release;
		};
/* End XCConfigurationList section */
	};
	rootObject = A9556F2E1D9ACF6D00534A18 /* Project object */;
}
